# This file is automatically @generated by Cargo.
# It is not intended for manual editing.
[[package]]
name = "libc"
version = "0.2.40"
source = "registry+https://github.com/rust-lang/crates.io-index"

[[package]]
name = "rust_objects"
version = "1.0.0"
dependencies = [
 "libc 0.2.40 (registry+https://github.com/rust-lang/crates.io-index)",
]

[metadata]
"checksum libc 0.2.40 (registry+https://github.com/rust-lang/crates.io-index)" = "6fd41f331ac7c5b8ac259b8bf82c75c0fb2e469bbf37d2becbba9a6a2221965b"
